PODS:
  - MSSTabbedPageViewController (0.5.1)

DEPENDENCIES:
  - MSSTabbedPageViewController (from `../../`)

EXTERNAL SOURCES:
  MSSTabbedPageViewController:
    :path: "../../"

SPEC CHECKSUMS:
  MSSTabbedPageViewController: 9e50c9a7340de75b561f555d8c7d23405196b4e5

PODFILE CHECKSUM: 1f7f2561a204ec5f8d03bd3a20ad12e2e6514322

COCOAPODS: 1.9.1
